
Microsoft Visual Studio Solution File, Format Version 12.00
# Visual Studio Version 17
VisualStudioVersion = 17.6.33815.320
MinimumVisualStudioVersion = 10.0.40219.1
Project("{FAE04EC0-301F-11D3-BF4B-00C04F79EFBC}") = "H1_Extra_Socks", "H1_Extra_Socks\H1_Extra_Socks.csproj", "{49C69869-0424-41A7-9F27-44D778B40CB5}"
EndProject
Global
	GlobalSection(SolutionConfigurationPlatforms) = preSolution
		Debug|Any CPU = Debug|Any CPU
		Release|Any CPU = Release|Any CPU
	EndGlobalSection
	GlobalSection(ProjectConfigurationPlatforms) = postSolution
		{49C69869-0424-41A7-9F27-44D778B40CB5}.Debug|Any CPU.ActiveCfg = Debug|Any CPU
		{49C69869-0424-41A7-9F27-44D778B40CB5}.Debug|Any CPU.Build.0 = Debug|Any CPU
		{49C69869-0424-41A7-9F27-44D778B40CB5}.Release|Any CPU.ActiveCfg = Release|Any CPU
		{49C69869-0424-41A7-9F27-44D778B40CB5}.Release|Any CPU.Build.0 = Release|Any CPU
	EndGlobalSection
	GlobalSection(SolutionProperties) = preSolution
		HideSolutionNode = FALSE
	EndGlobalSection
	GlobalSection(ExtensibilityGlobals) = postSolution
		SolutionGuid = {A8F40243-8ADB-4DA9-85E8-02B17F71516F}
	EndGlobalSection
EndGlobal
